<?xml version="1.0" encoding="utf-8"?>
<Project ToolsVersion="4.0" xmlns="http://schemas.microsoft.com/developer/msbuild/2003">
  <ItemGroup>
    <Filter Include="Source Files">
      <UniqueIdentifier>{4FC737F1-C7A5-4376-A066-2A32D752A2FF}</UniqueIdentifier>
      <Extensions>cpp;c;cc;cxx;c++;cppm;ixx;def;odl;idl;hpj;bat;asm;asmx</Extensions>
    </Filter>
    <Filter Include="Header Files">
      <UniqueIdentifier>{93995380-89BD-4b04-88EB-625FBE52EBFB}</UniqueIdentifier>
      <Extensions>h;hh;hpp;hxx;h++;hm;inl;inc;ipp;xsd</Extensions>
    </Filter>
    <Filter Include="Resource Files">
      <UniqueIdentifier>{67DA6AB6-F800-4c08-8B7A-83BB121AAD01}</UniqueIdentifier>
      <Extensions>rc;ico;cur;bmp;dlg;rc2;rct;bin;rgs;gif;jpg;jpeg;jpe;resx;tiff;tif;png;wav;mfcribbon-ms</Extensions>
    </Filter>
  </ItemGroup>
  <ItemGroup>
    <ClCompile Include="People-Farm-Frenzy.cpp">
      <Filter>Source Files</Filter>
    </ClCompile>
    <ClCompile Include="gui\floodgui\flood_gui_draw.cpp">
      <Filter>Source Files</Filter>
    </ClCompile>
    <ClCompile Include="gui\gui.cpp">
      <Filter>Source Files</Filter>
    </ClCompile>
    <ClCompile Include="gui\window\window.cpp">
      <Filter>Source Files</Filter>
    </ClCompile>
    <ClCompile Include="game\object\object.cpp">
      <Filter>Source Files</Filter>
    </ClCompile>
    <ClCompile Include="game\game.cpp">
      <Filter>Source Files</Filter>
    </ClCompile>
    <ClCompile Include="game\graphics\upgrade\upgrade.cpp">
      <Filter>Source Files</Filter>
    </ClCompile>
    <ClCompile Include="game\graphics\interact\interact.cpp">
      <Filter>Source Files</Filter>
    </ClCompile>
    <ClCompile Include="game\soundsystem\soundsystem.cpp">
      <Filter>Source Files</Filter>
    </ClCompile>
  </ItemGroup>
  <ItemGroup>
    <ClInclude Include="gui\floodgui\flood_gui.h">
      <Filter>Header Files</Filter>
    </ClInclude>
    <ClInclude Include="gui\floodgui\flood_gui_draw.h">
      <Filter>Header Files</Filter>
    </ClInclude>
    <ClInclude Include="gui\floodgui\flood_gui_input.h">
      <Filter>Header Files</Filter>
    </ClInclude>
    <ClInclude Include="gui\floodgui\flood_gui_math.h">
      <Filter>Header Files</Filter>
    </ClInclude>
    <ClInclude Include="gui\floodgui\flood_gui_win.h">
      <Filter>Header Files</Filter>
    </ClInclude>
    <ClInclude Include="gui\gui.h">
      <Filter>Header Files</Filter>
    </ClInclude>
    <ClInclude Include="gui\window\window.h">
      <Filter>Header Files</Filter>
    </ClInclude>
    <ClInclude Include="gui\d3dx9\Include\d2d1.h">
      <Filter>Header Files</Filter>
    </ClInclude>
    <ClInclude Include="gui\d3dx9\Include\d2d1_1.h">
      <Filter>Header Files</Filter>
    </ClInclude>
    <ClInclude Include="gui\d3dx9\Include\d2d1_1helper.h">
      <Filter>Header Files</Filter>
    </ClInclude>
    <ClInclude Include="gui\d3dx9\Include\d2d1_2.h">
      <Filter>Header Files</Filter>
    </ClInclude>
    <ClInclude Include="gui\d3dx9\Include\d2d1_2helper.h">
      <Filter>Header Files</Filter>
    </ClInclude>
    <ClInclude Include="gui\d3dx9\Include\d2d1_3.h">
      <Filter>Header Files</Filter>
    </ClInclude>
    <ClInclude Include="gui\d3dx9\Include\d2d1_3helper.h">
      <Filter>Header Files</Filter>
    </ClInclude>
    <ClInclude Include="gui\d3dx9\Include\d2d1effectauthor.h">
      <Filter>Header Files</Filter>
    </ClInclude>
    <ClInclude Include="gui\d3dx9\Include\d2d1effectauthor_1.h">
      <Filter>Header Files</Filter>
    </ClInclude>
    <ClInclude Include="gui\d3dx9\Include\d2d1effecthelpers.h">
      <Filter>Header Files</Filter>
    </ClInclude>
    <ClInclude Include="gui\d3dx9\Include\d2d1effects.h">
      <Filter>Header Files</Filter>
    </ClInclude>
    <ClInclude Include="gui\d3dx9\Include\d2d1effects_1.h">
      <Filter>Header Files</Filter>
    </ClInclude>
    <ClInclude Include="gui\d3dx9\Include\d2d1helper.h">
      <Filter>Header Files</Filter>
    </ClInclude>
    <ClInclude Include="gui\d3dx9\Include\d2dbasetypes.h">
      <Filter>Header Files</Filter>
    </ClInclude>
    <ClInclude Include="gui\d3dx9\Include\d2derr.h">
      <Filter>Header Files</Filter>
    </ClInclude>
    <ClInclude Include="gui\d3dx9\Include\d3d.h">
      <Filter>Header Files</Filter>
    </ClInclude>
    <ClInclude Include="gui\d3dx9\Include\d3d8.h">
      <Filter>Header Files</Filter>
    </ClInclude>
    <ClInclude Include="gui\d3dx9\Include\d3d8caps.h">
      <Filter>Header Files</Filter>
    </ClInclude>
    <ClInclude Include="gui\d3dx9\Include\d3d8types.h">
      <Filter>Header Files</Filter>
    </ClInclude>
    <ClInclude Include="gui\d3dx9\Include\d3d9.h">
      <Filter>Header Files</Filter>
    </ClInclude>
    <ClInclude Include="gui\d3dx9\Include\d3d9caps.h">
      <Filter>Header Files</Filter>
    </ClInclude>
    <ClInclude Include="gui\d3dx9\Include\d3d9types.h">
      <Filter>Header Files</Filter>
    </ClInclude>
    <ClInclude Include="gui\d3dx9\Include\d3d10.h">
      <Filter>Header Files</Filter>
    </ClInclude>
    <ClInclude Include="gui\d3dx9\Include\d3d10_1.h">
      <Filter>Header Files</Filter>
    </ClInclude>
    <ClInclude Include="gui\d3dx9\Include\d3d10_1shader.h">
      <Filter>Header Files</Filter>
    </ClInclude>
    <ClInclude Include="gui\d3dx9\Include\d3d10effect.h">
      <Filter>Header Files</Filter>
    </ClInclude>
    <ClInclude Include="gui\d3dx9\Include\d3d10misc.h">
      <Filter>Header Files</Filter>
    </ClInclude>
    <ClInclude Include="gui\d3dx9\Include\d3d10sdklayers.h">
      <Filter>Header Files</Filter>
    </ClInclude>
    <ClInclude Include="gui\d3dx9\Include\d3d10shader.h">
      <Filter>Header Files</Filter>
    </ClInclude>
    <ClInclude Include="gui\d3dx9\Include\d3d11.h">
      <Filter>Header Files</Filter>
    </ClInclude>
    <ClInclude Include="gui\d3dx9\Include\d3d11_1.h">
      <Filter>Header Files</Filter>
    </ClInclude>
    <ClInclude Include="gui\d3dx9\Include\d3d11_2.h">
      <Filter>Header Files</Filter>
    </ClInclude>
    <ClInclude Include="gui\d3dx9\Include\d3d11_3.h">
      <Filter>Header Files</Filter>
    </ClInclude>
    <ClInclude Include="gui\d3dx9\Include\d3d11_4.h">
      <Filter>Header Files</Filter>
    </ClInclude>
    <ClInclude Include="gui\d3dx9\Include\d3d11sdklayers.h">
      <Filter>Header Files</Filter>
    </ClInclude>
    <ClInclude Include="gui\d3dx9\Include\d3d11shader.h">
      <Filter>Header Files</Filter>
    </ClInclude>
    <ClInclude Include="gui\d3dx9\Include\d3d11shadertracing.h">
      <Filter>Header Files</Filter>
    </ClInclude>
    <ClInclude Include="gui\d3dx9\Include\d3d12.h">
      <Filter>Header Files</Filter>
    </ClInclude>
    <ClInclude Include="gui\d3dx9\Include\d3d12sdklayers.h">
      <Filter>Header Files</Filter>
    </ClInclude>
    <ClInclude Include="gui\d3dx9\Include\d3d12shader.h">
      <Filter>Header Files</Filter>
    </ClInclude>
    <ClInclude Include="gui\d3dx9\Include\d3d12video.h">
      <Filter>Header Files</Filter>
    </ClInclude>
    <ClInclude Include="gui\d3dx9\Include\d3dcaps.h">
      <Filter>Header Files</Filter>
    </ClInclude>
    <ClInclude Include="gui\d3dx9\Include\d3dcommon.h">
      <Filter>Header Files</Filter>
    </ClInclude>
    <ClInclude Include="gui\d3dx9\Include\d3dcompiler.h">
      <Filter>Header Files</Filter>
    </ClInclude>
    <ClInclude Include="gui\d3dx9\Include\d3dcsx.h">
      <Filter>Header Files</Filter>
    </ClInclude>
    <ClInclude Include="gui\d3dx9\Include\d3dtypes.h">
      <Filter>Header Files</Filter>
    </ClInclude>
    <ClInclude Include="gui\d3dx9\Include\d3dx9.h">
      <Filter>Header Files</Filter>
    </ClInclude>
    <ClInclude Include="gui\d3dx9\Include\d3dx9anim.h">
      <Filter>Header Files</Filter>
    </ClInclude>
    <ClInclude Include="gui\d3dx9\Include\d3dx9core.h">
      <Filter>Header Files</Filter>
    </ClInclude>
    <ClInclude Include="gui\d3dx9\Include\d3dx9effect.h">
      <Filter>Header Files</Filter>
    </ClInclude>
    <ClInclude Include="gui\d3dx9\Include\d3dx9math.h">
      <Filter>Header Files</Filter>
    </ClInclude>
    <ClInclude Include="gui\d3dx9\Include\d3dx9mesh.h">
      <Filter>Header Files</Filter>
    </ClInclude>
    <ClInclude Include="gui\d3dx9\Include\d3dx9shader.h">
      <Filter>Header Files</Filter>
    </ClInclude>
    <ClInclude Include="gui\d3dx9\Include\d3dx9shape.h">
      <Filter>Header Files</Filter>
    </ClInclude>
    <ClInclude Include="gui\d3dx9\Include\d3dx9tex.h">
      <Filter>Header Files</Filter>
    </ClInclude>
    <ClInclude Include="gui\d3dx9\Include\d3dx9xof.h">
      <Filter>Header Files</Filter>
    </ClInclude>
    <ClInclude Include="gui\d3dx9\Include\d3dx10.h">
      <Filter>Header Files</Filter>
    </ClInclude>
    <ClInclude Include="gui\d3dx9\Include\d3dx10async.h">
      <Filter>Header Files</Filter>
    </ClInclude>
    <ClInclude Include="gui\d3dx9\Include\d3dx10core.h">
      <Filter>Header Files</Filter>
    </ClInclude>
    <ClInclude Include="gui\d3dx9\Include\d3dx10math.h">
      <Filter>Header Files</Filter>
    </ClInclude>
    <ClInclude Include="gui\d3dx9\Include\d3dx10mesh.h">
      <Filter>Header Files</Filter>
    </ClInclude>
    <ClInclude Include="gui\d3dx9\Include\d3dx10tex.h">
      <Filter>Header Files</Filter>
    </ClInclude>
    <ClInclude Include="gui\d3dx9\Include\d3dx11.h">
      <Filter>Header Files</Filter>
    </ClInclude>
    <ClInclude Include="gui\d3dx9\Include\d3dx11async.h">
      <Filter>Header Files</Filter>
    </ClInclude>
    <ClInclude Include="gui\d3dx9\Include\d3dx11core.h">
      <Filter>Header Files</Filter>
    </ClInclude>
    <ClInclude Include="gui\d3dx9\Include\d3dx11tex.h">
      <Filter>Header Files</Filter>
    </ClInclude>
    <ClInclude Include="gui\d3dx9\Include\dcommon.h">
      <Filter>Header Files</Filter>
    </ClInclude>
    <ClInclude Include="gui\d3dx9\Include\dcomp.h">
      <Filter>Header Files</Filter>
    </ClInclude>
    <ClInclude Include="gui\d3dx9\Include\dcompanimation.h">
      <Filter>Header Files</Filter>
    </ClInclude>
    <ClInclude Include="gui\d3dx9\Include\dcomptypes.h">
      <Filter>Header Files</Filter>
    </ClInclude>
    <ClInclude Include="gui\d3dx9\Include\ddraw.h">
      <Filter>Header Files</Filter>
    </ClInclude>
    <ClInclude Include="gui\d3dx9\Include\dwrite.h">
      <Filter>Header Files</Filter>
    </ClInclude>
    <ClInclude Include="gui\d3dx9\Include\dwrite_1.h">
      <Filter>Header Files</Filter>
    </ClInclude>
    <ClInclude Include="gui\d3dx9\Include\dwrite_2.h">
      <Filter>Header Files</Filter>
    </ClInclude>
    <ClInclude Include="gui\d3dx9\Include\dwrite_3.h">
      <Filter>Header Files</Filter>
    </ClInclude>
    <ClInclude Include="gui\d3dx9\Include\dxgi.h">
      <Filter>Header Files</Filter>
    </ClInclude>
    <ClInclude Include="gui\d3dx9\Include\dxgi1_2.h">
      <Filter>Header Files</Filter>
    </ClInclude>
    <ClInclude Include="gui\d3dx9\Include\dxgi1_3.h">
      <Filter>Header Files</Filter>
    </ClInclude>
    <ClInclude Include="gui\d3dx9\Include\dxgi1_4.h">
      <Filter>Header Files</Filter>
    </ClInclude>
    <ClInclude Include="gui\d3dx9\Include\dxgi1_5.h">
      <Filter>Header Files</Filter>
    </ClInclude>
    <ClInclude Include="gui\d3dx9\Include\dxgi1_6.h">
      <Filter>Header Files</Filter>
    </ClInclude>
    <ClInclude Include="gui\d3dx9\Include\dxgicommon.h">
      <Filter>Header Files</Filter>
    </ClInclude>
    <ClInclude Include="gui\d3dx9\Include\dxgidebug.h">
      <Filter>Header Files</Filter>
    </ClInclude>
    <ClInclude Include="gui\d3dx9\Include\dxgiformat.h">
      <Filter>Header Files</Filter>
    </ClInclude>
    <ClInclude Include="gui\d3dx9\Include\dxgitype.h">
      <Filter>Header Files</Filter>
    </ClInclude>
    <ClInclude Include="gui\d3dx9\Include\dxva2api.h">
      <Filter>Header Files</Filter>
    </ClInclude>
    <ClInclude Include="game\graphics\sprite\sprite.h">
      <Filter>Header Files</Filter>
    </ClInclude>
    <ClInclude Include="game\object\object.h">
      <Filter>Header Files</Filter>
    </ClInclude>
    <ClInclude Include="game\object\human\human.h">
      <Filter>Header Files</Filter>
    </ClInclude>
    <ClInclude Include="game\object\organ\organ.h">
      <Filter>Header Files</Filter>
    </ClInclude>
    <ClInclude Include="game\object\UFO\UFO.h">
      <Filter>Header Files</Filter>
    </ClInclude>
    <ClInclude Include="game\object\livingspace\livingspace.h">
      <Filter>Header Files</Filter>
    </ClInclude>
    <ClInclude Include="game\graphics\animation\animation.h">
      <Filter>Header Files</Filter>
    </ClInclude>
    <ClInclude Include="game\game.h">
      <Filter>Header Files</Filter>
    </ClInclude>
    <ClInclude Include="game\graphics\upgrade\upgrade.h">
      <Filter>Header Files</Filter>
    </ClInclude>
    <ClInclude Include="game\object\vfx\vfx.h">
      <Filter>Header Files</Filter>
    </ClInclude>
    <ClInclude Include="game\object\vfx\enviorment.h">
      <Filter>Header Files</Filter>
    </ClInclude>
    <ClInclude Include="game\graphics\interact\interact.h">
      <Filter>Header Files</Filter>
    </ClInclude>
    <ClInclude Include="game\soundsystem\soundsystem.h">
      <Filter>Header Files</Filter>
    </ClInclude>
  </ItemGroup>
  <ItemGroup>
    <Image Include="resources\sprites\SpriteTest.jpg">
      <Filter>Resource Files</Filter>
    </Image>
    <Image Include="resources\sprites\ufo\sprite_0.png">
      <Filter>Resource Files</Filter>
    </Image>
    <Image Include="resources\sprites\ufo\sprite_1.png">
      <Filter>Resource Files</Filter>
    </Image>
    <Image Include="resources\sprites\ufo\sprite_2.png">
      <Filter>Resource Files</Filter>
    </Image>
    <Image Include="resources\sprites\ufo\sprite_3.png">
      <Filter>Resource Files</Filter>
    </Image>
    <Image Include="resources\sprites\ufo\sprite_4.png">
      <Filter>Resource Files</Filter>
    </Image>
    <Image Include="resources\sprites\ufo\sprite_5.png">
      <Filter>Resource Files</Filter>
    </Image>
    <Image Include="resources\sprites\ufo\sprite_6.png">
      <Filter>Resource Files</Filter>
    </Image>
    <Image Include="resources\sprites\ufo\sprite_7.png">
      <Filter>Resource Files</Filter>
    </Image>
    <Image Include="resources\sprites\ufo\sprite_8.png">
      <Filter>Resource Files</Filter>
    </Image>
    <Image Include="resources\sprites\ufo\sprite_9.png">
      <Filter>Resource Files</Filter>
    </Image>
    <Image Include="resources\sprites\ufo\sprite_10.png">
      <Filter>Resource Files</Filter>
    </Image>
    <Image Include="resources\sprites\ufo\sprite_11.png">
      <Filter>Resource Files</Filter>
    </Image>
    <Image Include="resources\sprites\organs\brain.png">
      <Filter>Resource Files</Filter>
    </Image>
    <Image Include="resources\sprites\organs\eyeball.png">
      <Filter>Resource Files</Filter>
    </Image>
    <Image Include="resources\sprites\organs\heart.png">
      <Filter>Resource Files</Filter>
    </Image>
    <Image Include="resources\sprites\organs\intestine.png">
      <Filter>Resource Files</Filter>
    </Image>
    <Image Include="resources\sprites\organs\kidney.png">
      <Filter>Resource Files</Filter>
    </Image>
    <Image Include="resources\sprites\organs\lung.png">
      <Filter>Resource Files</Filter>
    </Image>
    <Image Include="resources\sprites\organs\skin.png">
      <Filter>Resource Files</Filter>
    </Image>
    <Image Include="resources\sprites\organs\skull.png">
      <Filter>Resource Files</Filter>
    </Image>
    <Image Include="resources\sprites\organs\stomach.png">
      <Filter>Resource Files</Filter>
    </Image>
    <Image Include="resources\sprites\BloodCloud\frame_0_delay-0.08s.png">
      <Filter>Resource Files</Filter>
    </Image>
    <Image Include="resources\sprites\BloodCloud\frame_1_delay-0.08s.png">
      <Filter>Resource Files</Filter>
    </Image>
    <Image Include="resources\sprites\BloodCloud\frame_2_delay-0.08s.png">
      <Filter>Resource Files</Filter>
    </Image>
    <Image Include="resources\sprites\BloodCloud\frame_3_delay-0.08s.png">
      <Filter>Resource Files</Filter>
    </Image>
    <Image Include="resources\sprites\BloodCloud\frame_4_delay-0.08s.png">
      <Filter>Resource Files</Filter>
    </Image>
    <Image Include="resources\sprites\BloodCloud\frame_5_delay-0.08s.png">
      <Filter>Resource Files</Filter>
    </Image>
    <Image Include="resources\sprites\BloodCloud\frame_6_delay-0.08s.png">
      <Filter>Resource Files</Filter>
    </Image>
    <Image Include="resources\sprites\BloodCloud\frame_7_delay-0.08s.png">
      <Filter>Resource Files</Filter>
    </Image>
    <Image Include="resources\sprites\BloodCloud\frame_8_delay-0.08s.png">
      <Filter>Resource Files</Filter>
    </Image>
    <Image Include="resources\sprites\map\map.png">
      <Filter>Resource Files</Filter>
    </Image>
    <Image Include="resources\sprites\magma\frame1.png">
      <Filter>Resource Files</Filter>
    </Image>
    <Image Include="resources\sprites\magma\frame2.png">
      <Filter>Resource Files</Filter>
    </Image>
    <Image Include="resources\sprites\magma\frame3.png">
      <Filter>Resource Files</Filter>
    </Image>
    <Image Include="resources\sprites\magma\frame4.png">
      <Filter>Resource Files</Filter>
    </Image>
    <Image Include="resources\sprites\magma\frame5.png">
      <Filter>Resource Files</Filter>
    </Image>
    <Image Include="resources\sprites\fire\frame1.png">
      <Filter>Resource Files</Filter>
    </Image>
    <Image Include="resources\sprites\fire\frame2.png">
      <Filter>Resource Files</Filter>
    </Image>
    <Image Include="resources\sprites\personicon.png">
      <Filter>Resource Files</Filter>
    </Image>
    <Image Include="resources\sprites\glorbuxicon.png">
      <Filter>Resource Files</Filter>
    </Image>
    <Image Include="resources\sprites\people\boy1\b766227d-aeba-4f9f-a1e5-8a4b05a190e7-17.png">
      <Filter>Resource Files</Filter>
    </Image>
    <Image Include="resources\sprites\people\boy1\b766227d-aeba-4f9f-a1e5-8a4b05a190e7-14.png">
      <Filter>Resource Files</Filter>
    </Image>
    <Image Include="resources\sprites\people\boy1\b766227d-aeba-4f9f-a1e5-8a4b05a190e7-13.png">
      <Filter>Resource Files</Filter>
    </Image>
    <Image Include="resources\sprites\people\boy1\b766227d-aeba-4f9f-a1e5-8a4b05a190e7-0.png">
      <Filter>Resource Files</Filter>
    </Image>
    <Image Include="resources\sprites\people\boy1\b766227d-aeba-4f9f-a1e5-8a4b05a190e7-2.png">
      <Filter>Resource Files</Filter>
    </Image>
    <Image Include="resources\sprites\people\boy1\b766227d-aeba-4f9f-a1e5-8a4b05a190e7-1.png">
      <Filter>Resource Files</Filter>
    </Image>
    <Image Include="resources\sprites\people\boy1\b766227d-aeba-4f9f-a1e5-8a4b05a190e7-3.png">
      <Filter>Resource Files</Filter>
    </Image>
    <Image Include="resources\sprites\people\boy1\b766227d-aeba-4f9f-a1e5-8a4b05a190e7-4.png">
      <Filter>Resource Files</Filter>
    </Image>
    <Image Include="resources\sprites\people\boy1\b766227d-aeba-4f9f-a1e5-8a4b05a190e7-6.png">
      <Filter>Resource Files</Filter>
    </Image>
    <Image Include="resources\sprites\people\boy1\b766227d-aeba-4f9f-a1e5-8a4b05a190e7-5.png">
      <Filter>Resource Files</Filter>
    </Image>
    <Image Include="resources\sprites\people\boy1\b766227d-aeba-4f9f-a1e5-8a4b05a190e7-8.png">
      <Filter>Resource Files</Filter>
    </Image>
    <Image Include="resources\sprites\people\boy1\b766227d-aeba-4f9f-a1e5-8a4b05a190e7-7.png">
      <Filter>Resource Files</Filter>
    </Image>
    <Image Include="resources\sprites\people\boy1\b766227d-aeba-4f9f-a1e5-8a4b05a190e7-9.png">
      <Filter>Resource Files</Filter>
    </Image>
    <Image Include="resources\sprites\people\boy1\b766227d-aeba-4f9f-a1e5-8a4b05a190e7-10.png">
      <Filter>Resource Files</Filter>
    </Image>
    <Image Include="resources\sprites\people\boy1\b766227d-aeba-4f9f-a1e5-8a4b05a190e7-11.png">
      <Filter>Resource Files</Filter>
    </Image>
    <Image Include="resources\sprites\people\boy1\b766227d-aeba-4f9f-a1e5-8a4b05a190e7-12.png">
      <Filter>Resource Files</Filter>
    </Image>
    <Image Include="resources\sprites\people\boy1\b766227d-aeba-4f9f-a1e5-8a4b05a190e7-15.png">
      <Filter>Resource Files</Filter>
    </Image>
    <Image Include="resources\sprites\people\boy1\b766227d-aeba-4f9f-a1e5-8a4b05a190e7-16.png">
      <Filter>Resource Files</Filter>
    </Image>
    <Image Include="resources\sprites\people\boy1\b766227d-aeba-4f9f-a1e5-8a4b05a190e7-19.png">
      <Filter>Resource Files</Filter>
    </Image>
    <Image Include="resources\sprites\people\boy1\b766227d-aeba-4f9f-a1e5-8a4b05a190e7-18.png">
      <Filter>Resource Files</Filter>
    </Image>
    <Image Include="resources\sprites\people\boy1\b766227d-aeba-4f9f-a1e5-8a4b05a190e7-21.png">
      <Filter>Resource Files</Filter>
    </Image>
    <Image Include="resources\sprites\people\boy1\b766227d-aeba-4f9f-a1e5-8a4b05a190e7-20.png">
      <Filter>Resource Files</Filter>
    </Image>
    <Image Include="resources\sprites\people\boy1\b766227d-aeba-4f9f-a1e5-8a4b05a190e7-22.png">
      <Filter>Resource Files</Filter>
    </Image>
    <Image Include="resources\sprites\people\boy1\b766227d-aeba-4f9f-a1e5-8a4b05a190e7-24.png">
      <Filter>Resource Files</Filter>
    </Image>
    <Image Include="resources\sprites\people\boy1\b766227d-aeba-4f9f-a1e5-8a4b05a190e7-23.png">
      <Filter>Resource Files</Filter>
    </Image>
    <Image Include="resources\sprites\people\boy1\b766227d-aeba-4f9f-a1e5-8a4b05a190e7-25.png">
      <Filter>Resource Files</Filter>
    </Image>
    <Image Include="resources\sprites\people\boy1\b766227d-aeba-4f9f-a1e5-8a4b05a190e7-27.png">
      <Filter>Resource Files</Filter>
    </Image>
    <Image Include="resources\sprites\people\boy1\b766227d-aeba-4f9f-a1e5-8a4b05a190e7-26.png">
      <Filter>Resource Files</Filter>
    </Image>
    <Image Include="resources\sprites\people\boy1\b766227d-aeba-4f9f-a1e5-8a4b05a190e7-28.png">
      <Filter>Resource Files</Filter>
    </Image>
    <Image Include="resources\sprites\people\boy1\b766227d-aeba-4f9f-a1e5-8a4b05a190e7-29.png">
      <Filter>Resource Files</Filter>
    </Image>
    <Image Include="resources\sprites\people\boy1\b766227d-aeba-4f9f-a1e5-8a4b05a190e7-30.png">
      <Filter>Resource Files</Filter>
    </Image>
    <Image Include="resources\sprites\people\boy1\b766227d-aeba-4f9f-a1e5-8a4b05a190e7-31.png">
      <Filter>Resource Files</Filter>
    </Image>
    <Image Include="resources\sprites\people\boy2\1df94d7e-291a-463c-84db-a0b89cccb033-0.png">
      <Filter>Resource Files</Filter>
    </Image>
    <Image Include="resources\sprites\people\boy2\1df94d7e-291a-463c-84db-a0b89cccb033-1.png">
      <Filter>Resource Files</Filter>
    </Image>
    <Image Include="resources\sprites\people\boy2\1df94d7e-291a-463c-84db-a0b89cccb033-2.png">
      <Filter>Resource Files</Filter>
    </Image>
    <Image Include="resources\sprites\people\boy2\1df94d7e-291a-463c-84db-a0b89cccb033-3.png">
      <Filter>Resource Files</Filter>
    </Image>
    <Image Include="resources\sprites\people\boy2\1df94d7e-291a-463c-84db-a0b89cccb033-4.png">
      <Filter>Resource Files</Filter>
    </Image>
    <Image Include="resources\sprites\people\boy2\1df94d7e-291a-463c-84db-a0b89cccb033-5.png">
      <Filter>Resource Files</Filter>
    </Image>
    <Image Include="resources\sprites\people\boy2\1df94d7e-291a-463c-84db-a0b89cccb033-6.png">
      <Filter>Resource Files</Filter>
    </Image>
    <Image Include="resources\sprites\people\boy2\1df94d7e-291a-463c-84db-a0b89cccb033-7.png">
      <Filter>Resource Files</Filter>
    </Image>
    <Image Include="resources\sprites\people\boy2\1df94d7e-291a-463c-84db-a0b89cccb033-8.png">
      <Filter>Resource Files</Filter>
    </Image>
    <Image Include="resources\sprites\people\boy2\1df94d7e-291a-463c-84db-a0b89cccb033-9.png">
      <Filter>Resource Files</Filter>
    </Image>
    <Image Include="resources\sprites\people\boy2\1df94d7e-291a-463c-84db-a0b89cccb033-10.png">
      <Filter>Resource Files</Filter>
    </Image>
    <Image Include="resources\sprites\people\boy2\1df94d7e-291a-463c-84db-a0b89cccb033-12.png">
      <Filter>Resource Files</Filter>
    </Image>
    <Image Include="resources\sprites\people\boy2\1df94d7e-291a-463c-84db-a0b89cccb033-11.png">
      <Filter>Resource Files</Filter>
    </Image>
    <Image Include="resources\sprites\people\boy2\1df94d7e-291a-463c-84db-a0b89cccb033-13.png">
      <Filter>Resource Files</Filter>
    </Image>
    <Image Include="resources\sprites\people\boy2\1df94d7e-291a-463c-84db-a0b89cccb033-14.png">
      <Filter>Resource Files</Filter>
    </Image>
    <Image Include="resources\sprites\people\boy2\1df94d7e-291a-463c-84db-a0b89cccb033-15.png">
      <Filter>Resource Files</Filter>
    </Image>
    <Image Include="resources\sprites\people\boy2\1df94d7e-291a-463c-84db-a0b89cccb033-17.png">
      <Filter>Resource Files</Filter>
    </Image>
    <Image Include="resources\sprites\people\boy2\1df94d7e-291a-463c-84db-a0b89cccb033-16.png">
      <Filter>Resource Files</Filter>
    </Image>
    <Image Include="resources\sprites\people\boy2\1df94d7e-291a-463c-84db-a0b89cccb033-18.png">
      <Filter>Resource Files</Filter>
    </Image>
    <Image Include="resources\sprites\people\boy2\1df94d7e-291a-463c-84db-a0b89cccb033-20.png">
      <Filter>Resource Files</Filter>
    </Image>
    <Image Include="resources\sprites\people\boy2\1df94d7e-291a-463c-84db-a0b89cccb033-19.png">
      <Filter>Resource Files</Filter>
    </Image>
    <Image Include="resources\sprites\people\boy2\1df94d7e-291a-463c-84db-a0b89cccb033-21.png">
      <Filter>Resource Files</Filter>
    </Image>
    <Image Include="resources\sprites\people\boy2\1df94d7e-291a-463c-84db-a0b89cccb033-22.png">
      <Filter>Resource Files</Filter>
    </Image>
    <Image Include="resources\sprites\people\boy2\1df94d7e-291a-463c-84db-a0b89cccb033-23.png">
      <Filter>Resource Files</Filter>
    </Image>
    <Image Include="resources\sprites\people\boy2\1df94d7e-291a-463c-84db-a0b89cccb033-24.png">
      <Filter>Resource Files</Filter>
    </Image>
    <Image Include="resources\sprites\people\boy2\1df94d7e-291a-463c-84db-a0b89cccb033-26.png">
      <Filter>Resource Files</Filter>
    </Image>
    <Image Include="resources\sprites\people\boy2\1df94d7e-291a-463c-84db-a0b89cccb033-25.png">
      <Filter>Resource Files</Filter>
    </Image>
    <Image Include="resources\sprites\people\boy2\1df94d7e-291a-463c-84db-a0b89cccb033-27.png">
      <Filter>Resource Files</Filter>
    </Image>
    <Image Include="resources\sprites\people\boy2\1df94d7e-291a-463c-84db-a0b89cccb033-29.png">
      <Filter>Resource Files</Filter>
    </Image>
    <Image Include="resources\sprites\people\boy2\1df94d7e-291a-463c-84db-a0b89cccb033-28.png">
      <Filter>Resource Files</Filter>
    </Image>
    <Image Include="resources\sprites\people\boy2\1df94d7e-291a-463c-84db-a0b89cccb033-30.png">
      <Filter>Resource Files</Filter>
    </Image>
    <Image Include="resources\sprites\people\boy2\1df94d7e-291a-463c-84db-a0b89cccb033-31.png">
      <Filter>Resource Files</Filter>
    </Image>
    <Image Include="resources\sprites\people\boy3\451982d6-8df1-4380-b2fe-72a466c7bd6d-0.png">
      <Filter>Resource Files</Filter>
    </Image>
    <Image Include="resources\sprites\people\boy3\451982d6-8df1-4380-b2fe-72a466c7bd6d-2.png">
      <Filter>Resource Files</Filter>
    </Image>
    <Image Include="resources\sprites\people\boy3\451982d6-8df1-4380-b2fe-72a466c7bd6d-1.png">
      <Filter>Resource Files</Filter>
    </Image>
    <Image Include="resources\sprites\people\boy3\451982d6-8df1-4380-b2fe-72a466c7bd6d-3.png">
      <Filter>Resource Files</Filter>
    </Image>
    <Image Include="resources\sprites\people\boy3\451982d6-8df1-4380-b2fe-72a466c7bd6d-4.png">
      <Filter>Resource Files</Filter>
    </Image>
    <Image Include="resources\sprites\people\boy3\451982d6-8df1-4380-b2fe-72a466c7bd6d-5.png">
      <Filter>Resource Files</Filter>
    </Image>
    <Image Include="resources\sprites\people\boy3\451982d6-8df1-4380-b2fe-72a466c7bd6d-7.png">
      <Filter>Resource Files</Filter>
    </Image>
    <Image Include="resources\sprites\people\boy3\451982d6-8df1-4380-b2fe-72a466c7bd6d-6.png">
      <Filter>Resource Files</Filter>
    </Image>
    <Image Include="resources\sprites\people\boy3\451982d6-8df1-4380-b2fe-72a466c7bd6d-9.png">
      <Filter>Resource Files</Filter>
    </Image>
    <Image Include="resources\sprites\people\boy3\451982d6-8df1-4380-b2fe-72a466c7bd6d-8.png">
      <Filter>Resource Files</Filter>
    </Image>
    <Image Include="resources\sprites\people\boy3\451982d6-8df1-4380-b2fe-72a466c7bd6d-10.png">
      <Filter>Resource Files</Filter>
    </Image>
    <Image Include="resources\sprites\people\boy3\451982d6-8df1-4380-b2fe-72a466c7bd6d-11.png">
      <Filter>Resource Files</Filter>
    </Image>
    <Image Include="resources\sprites\people\boy3\451982d6-8df1-4380-b2fe-72a466c7bd6d-13.png">
      <Filter>Resource Files</Filter>
    </Image>
    <Image Include="resources\sprites\people\boy3\451982d6-8df1-4380-b2fe-72a466c7bd6d-12.png">
      <Filter>Resource Files</Filter>
    </Image>
    <Image Include="resources\sprites\people\boy3\451982d6-8df1-4380-b2fe-72a466c7bd6d-14.png">
      <Filter>Resource Files</Filter>
    </Image>
    <Image Include="resources\sprites\people\boy3\451982d6-8df1-4380-b2fe-72a466c7bd6d-15.png">
      <Filter>Resource Files</Filter>
    </Image>
    <Image Include="resources\sprites\people\boy3\451982d6-8df1-4380-b2fe-72a466c7bd6d-16.png">
      <Filter>Resource Files</Filter>
    </Image>
    <Image Include="resources\sprites\people\boy3\451982d6-8df1-4380-b2fe-72a466c7bd6d-18.png">
      <Filter>Resource Files</Filter>
    </Image>
    <Image Include="resources\sprites\people\boy3\451982d6-8df1-4380-b2fe-72a466c7bd6d-17.png">
      <Filter>Resource Files</Filter>
    </Image>
    <Image Include="resources\sprites\people\boy3\451982d6-8df1-4380-b2fe-72a466c7bd6d-19.png">
      <Filter>Resource Files</Filter>
    </Image>
    <Image Include="resources\sprites\people\boy3\451982d6-8df1-4380-b2fe-72a466c7bd6d-20.png">
      <Filter>Resource Files</Filter>
    </Image>
    <Image Include="resources\sprites\people\boy3\451982d6-8df1-4380-b2fe-72a466c7bd6d-21.png">
      <Filter>Resource Files</Filter>
    </Image>
    <Image Include="resources\sprites\people\boy3\451982d6-8df1-4380-b2fe-72a466c7bd6d-22.png">
      <Filter>Resource Files</Filter>
    </Image>
    <Image Include="resources\sprites\people\boy3\451982d6-8df1-4380-b2fe-72a466c7bd6d-24.png">
      <Filter>Resource Files</Filter>
    </Image>
    <Image Include="resources\sprites\people\boy3\451982d6-8df1-4380-b2fe-72a466c7bd6d-23.png">
      <Filter>Resource Files</Filter>
    </Image>
    <Image Include="resources\sprites\people\boy3\451982d6-8df1-4380-b2fe-72a466c7bd6d-25.png">
      <Filter>Resource Files</Filter>
    </Image>
    <Image Include="resources\sprites\people\boy3\451982d6-8df1-4380-b2fe-72a466c7bd6d-26.png">
      <Filter>Resource Files</Filter>
    </Image>
    <Image Include="resources\sprites\people\boy3\451982d6-8df1-4380-b2fe-72a466c7bd6d-27.png">
      <Filter>Resource Files</Filter>
    </Image>
    <Image Include="resources\sprites\people\boy3\451982d6-8df1-4380-b2fe-72a466c7bd6d-28.png">
      <Filter>Resource Files</Filter>
    </Image>
    <Image Include="resources\sprites\people\boy3\451982d6-8df1-4380-b2fe-72a466c7bd6d-29.png">
      <Filter>Resource Files</Filter>
    </Image>
    <Image Include="resources\sprites\people\boy3\451982d6-8df1-4380-b2fe-72a466c7bd6d-30.png">
      <Filter>Resource Files</Filter>
    </Image>
    <Image Include="resources\sprites\people\boy3\451982d6-8df1-4380-b2fe-72a466c7bd6d-31.png">
      <Filter>Resource Files</Filter>
    </Image>
    <Image Include="resources\sprites\people\girl1\6c23e8b0-d1c3-420d-8073-39ac350a1daf-0.png">
      <Filter>Resource Files</Filter>
    </Image>
    <Image Include="resources\sprites\people\girl1\6c23e8b0-d1c3-420d-8073-39ac350a1daf-1.png">
      <Filter>Resource Files</Filter>
    </Image>
    <Image Include="resources\sprites\people\girl1\6c23e8b0-d1c3-420d-8073-39ac350a1daf-2.png">
      <Filter>Resource Files</Filter>
    </Image>
    <Image Include="resources\sprites\people\girl1\6c23e8b0-d1c3-420d-8073-39ac350a1daf-4.png">
      <Filter>Resource Files</Filter>
    </Image>
    <Image Include="resources\sprites\people\girl1\6c23e8b0-d1c3-420d-8073-39ac350a1daf-3.png">
      <Filter>Resource Files</Filter>
    </Image>
    <Image Include="resources\sprites\people\girl1\6c23e8b0-d1c3-420d-8073-39ac350a1daf-5.png">
      <Filter>Resource Files</Filter>
    </Image>
    <Image Include="resources\sprites\people\girl1\6c23e8b0-d1c3-420d-8073-39ac350a1daf-6.png">
      <Filter>Resource Files</Filter>
    </Image>
    <Image Include="resources\sprites\people\girl1\6c23e8b0-d1c3-420d-8073-39ac350a1daf-7.png">
      <Filter>Resource Files</Filter>
    </Image>
    <Image Include="resources\sprites\people\girl1\6c23e8b0-d1c3-420d-8073-39ac350a1daf-8.png">
      <Filter>Resource Files</Filter>
    </Image>
    <Image Include="resources\sprites\people\girl1\6c23e8b0-d1c3-420d-8073-39ac350a1daf-9.png">
      <Filter>Resource Files</Filter>
    </Image>
    <Image Include="resources\sprites\people\girl1\6c23e8b0-d1c3-420d-8073-39ac350a1daf-10.png">
      <Filter>Resource Files</Filter>
    </Image>
    <Image Include="resources\sprites\people\girl1\6c23e8b0-d1c3-420d-8073-39ac350a1daf-12.png">
      <Filter>Resource Files</Filter>
    </Image>
    <Image Include="resources\sprites\people\girl1\6c23e8b0-d1c3-420d-8073-39ac350a1daf-11.png">
      <Filter>Resource Files</Filter>
    </Image>
    <Image Include="resources\sprites\people\girl1\6c23e8b0-d1c3-420d-8073-39ac350a1daf-13.png">
      <Filter>Resource Files</Filter>
    </Image>
    <Image Include="resources\sprites\people\girl1\6c23e8b0-d1c3-420d-8073-39ac350a1daf-14.png">
      <Filter>Resource Files</Filter>
    </Image>
    <Image Include="resources\sprites\people\girl1\6c23e8b0-d1c3-420d-8073-39ac350a1daf-15.png">
      <Filter>Resource Files</Filter>
    </Image>
    <Image Include="resources\sprites\people\girl1\6c23e8b0-d1c3-420d-8073-39ac350a1daf-17.png">
      <Filter>Resource Files</Filter>
    </Image>
    <Image Include="resources\sprites\people\girl1\6c23e8b0-d1c3-420d-8073-39ac350a1daf-16.png">
      <Filter>Resource Files</Filter>
    </Image>
    <Image Include="resources\sprites\people\girl1\6c23e8b0-d1c3-420d-8073-39ac350a1daf-18.png">
      <Filter>Resource Files</Filter>
    </Image>
    <Image Include="resources\sprites\people\girl1\6c23e8b0-d1c3-420d-8073-39ac350a1daf-19.png">
      <Filter>Resource Files</Filter>
    </Image>
    <Image Include="resources\sprites\people\girl1\6c23e8b0-d1c3-420d-8073-39ac350a1daf-20.png">
      <Filter>Resource Files</Filter>
    </Image>
    <Image Include="resources\sprites\people\girl1\6c23e8b0-d1c3-420d-8073-39ac350a1daf-21.png">
      <Filter>Resource Files</Filter>
    </Image>
    <Image Include="resources\sprites\people\girl1\6c23e8b0-d1c3-420d-8073-39ac350a1daf-22.png">
      <Filter>Resource Files</Filter>
    </Image>
    <Image Include="resources\sprites\people\girl1\6c23e8b0-d1c3-420d-8073-39ac350a1daf-23.png">
      <Filter>Resource Files</Filter>
    </Image>
    <Image Include="resources\sprites\people\girl1\6c23e8b0-d1c3-420d-8073-39ac350a1daf-24.png">
      <Filter>Resource Files</Filter>
    </Image>
    <Image Include="resources\sprites\people\girl1\6c23e8b0-d1c3-420d-8073-39ac350a1daf-25.png">
      <Filter>Resource Files</Filter>
    </Image>
    <Image Include="resources\sprites\people\girl1\6c23e8b0-d1c3-420d-8073-39ac350a1daf-27.png">
      <Filter>Resource Files</Filter>
    </Image>
    <Image Include="resources\sprites\people\girl1\6c23e8b0-d1c3-420d-8073-39ac350a1daf-26.png">
      <Filter>Resource Files</Filter>
    </Image>
    <Image Include="resources\sprites\people\girl1\6c23e8b0-d1c3-420d-8073-39ac350a1daf-30.png">
      <Filter>Resource Files</Filter>
    </Image>
    <Image Include="resources\sprites\people\girl1\6c23e8b0-d1c3-420d-8073-39ac350a1daf-31.png">
      <Filter>Resource Files</Filter>
    </Image>
    <Image Include="resources\sprites\people\girl1\6c23e8b0-d1c3-420d-8073-39ac350a1daf-29.png">
      <Filter>Resource Files</Filter>
    </Image>
    <Image Include="resources\sprites\people\girl1\6c23e8b0-d1c3-420d-8073-39ac350a1daf-28.png">
      <Filter>Resource Files</Filter>
    </Image>
    <Image Include="resources\sprites\people\girl2\8c7aab9b-d68e-4ff7-989a-2c1b193679a8-0.png">
      <Filter>Resource Files</Filter>
    </Image>
    <Image Include="resources\sprites\people\girl2\8c7aab9b-d68e-4ff7-989a-2c1b193679a8-1.png">
      <Filter>Resource Files</Filter>
    </Image>
    <Image Include="resources\sprites\people\girl2\8c7aab9b-d68e-4ff7-989a-2c1b193679a8-2.png">
      <Filter>Resource Files</Filter>
    </Image>
    <Image Include="resources\sprites\people\girl2\8c7aab9b-d68e-4ff7-989a-2c1b193679a8-4.png">
      <Filter>Resource Files</Filter>
    </Image>
    <Image Include="resources\sprites\people\girl2\8c7aab9b-d68e-4ff7-989a-2c1b193679a8-3.png">
      <Filter>Resource Files</Filter>
    </Image>
    <Image Include="resources\sprites\people\girl2\8c7aab9b-d68e-4ff7-989a-2c1b193679a8-5.png">
      <Filter>Resource Files</Filter>
    </Image>
    <Image Include="resources\sprites\people\girl2\8c7aab9b-d68e-4ff7-989a-2c1b193679a8-7.png">
      <Filter>Resource Files</Filter>
    </Image>
    <Image Include="resources\sprites\people\girl2\8c7aab9b-d68e-4ff7-989a-2c1b193679a8-6.png">
      <Filter>Resource Files</Filter>
    </Image>
    <Image Include="resources\sprites\people\girl2\8c7aab9b-d68e-4ff7-989a-2c1b193679a8-8.png">
      <Filter>Resource Files</Filter>
    </Image>
    <Image Include="resources\sprites\people\girl2\8c7aab9b-d68e-4ff7-989a-2c1b193679a8-9.png">
      <Filter>Resource Files</Filter>
    </Image>
    <Image Include="resources\sprites\people\girl2\8c7aab9b-d68e-4ff7-989a-2c1b193679a8-10.png">
      <Filter>Resource Files</Filter>
    </Image>
    <Image Include="resources\sprites\people\girl2\8c7aab9b-d68e-4ff7-989a-2c1b193679a8-11.png">
      <Filter>Resource Files</Filter>
    </Image>
    <Image Include="resources\sprites\people\girl2\8c7aab9b-d68e-4ff7-989a-2c1b193679a8-12.png">
      <Filter>Resource Files</Filter>
    </Image>
    <Image Include="resources\sprites\people\girl2\8c7aab9b-d68e-4ff7-989a-2c1b193679a8-13.png">
      <Filter>Resource Files</Filter>
    </Image>
    <Image Include="resources\sprites\people\girl2\8c7aab9b-d68e-4ff7-989a-2c1b193679a8-14.png">
      <Filter>Resource Files</Filter>
    </Image>
    <Image Include="resources\sprites\people\girl2\8c7aab9b-d68e-4ff7-989a-2c1b193679a8-17.png">
      <Filter>Resource Files</Filter>
    </Image>
    <Image Include="resources\sprites\people\girl2\8c7aab9b-d68e-4ff7-989a-2c1b193679a8-16.png">
      <Filter>Resource Files</Filter>
    </Image>
    <Image Include="resources\sprites\people\girl2\8c7aab9b-d68e-4ff7-989a-2c1b193679a8-15.png">
      <Filter>Resource Files</Filter>
    </Image>
    <Image Include="resources\sprites\people\girl2\8c7aab9b-d68e-4ff7-989a-2c1b193679a8-18.png">
      <Filter>Resource Files</Filter>
    </Image>
    <Image Include="resources\sprites\people\girl2\8c7aab9b-d68e-4ff7-989a-2c1b193679a8-20.png">
      <Filter>Resource Files</Filter>
    </Image>
    <Image Include="resources\sprites\people\girl2\8c7aab9b-d68e-4ff7-989a-2c1b193679a8-19.png">
      <Filter>Resource Files</Filter>
    </Image>
    <Image Include="resources\sprites\people\girl2\8c7aab9b-d68e-4ff7-989a-2c1b193679a8-21.png">
      <Filter>Resource Files</Filter>
    </Image>
    <Image Include="resources\sprites\people\girl2\8c7aab9b-d68e-4ff7-989a-2c1b193679a8-22.png">
      <Filter>Resource Files</Filter>
    </Image>
    <Image Include="resources\sprites\people\girl2\8c7aab9b-d68e-4ff7-989a-2c1b193679a8-24.png">
      <Filter>Resource Files</Filter>
    </Image>
    <Image Include="resources\sprites\people\girl2\8c7aab9b-d68e-4ff7-989a-2c1b193679a8-23.png">
      <Filter>Resource Files</Filter>
    </Image>
    <Image Include="resources\sprites\people\girl2\8c7aab9b-d68e-4ff7-989a-2c1b193679a8-25.png">
      <Filter>Resource Files</Filter>
    </Image>
    <Image Include="resources\sprites\people\girl2\8c7aab9b-d68e-4ff7-989a-2c1b193679a8-27.png">
      <Filter>Resource Files</Filter>
    </Image>
    <Image Include="resources\sprites\people\girl2\8c7aab9b-d68e-4ff7-989a-2c1b193679a8-26.png">
      <Filter>Resource Files</Filter>
    </Image>
    <Image Include="resources\sprites\people\girl2\8c7aab9b-d68e-4ff7-989a-2c1b193679a8-29.png">
      <Filter>Resource Files</Filter>
    </Image>
    <Image Include="resources\sprites\people\girl2\8c7aab9b-d68e-4ff7-989a-2c1b193679a8-28.png">
      <Filter>Resource Files</Filter>
    </Image>
    <Image Include="resources\sprites\people\girl2\8c7aab9b-d68e-4ff7-989a-2c1b193679a8-31.png">
      <Filter>Resource Files</Filter>
    </Image>
    <Image Include="resources\sprites\people\girl2\8c7aab9b-d68e-4ff7-989a-2c1b193679a8-30.png">
      <Filter>Resource Files</Filter>
    </Image>
    <Image Include="resources\sprites\people\bert\backward1.png">
      <Filter>Resource Files</Filter>
    </Image>
    <Image Include="resources\sprites\people\bert\backward3.png">
      <Filter>Resource Files</Filter>
    </Image>
    <Image Include="resources\sprites\people\bert\backward2.png">
      <Filter>Resource Files</Filter>
    </Image>
    <Image Include="resources\sprites\people\bert\backwardtonest.png">
      <Filter>Resource Files</Filter>
    </Image>
    <Image Include="resources\sprites\people\bert\default.png">
      <Filter>Resource Files</Filter>
    </Image>
    <Image Include="resources\sprites\people\bert\foward1.png">
      <Filter>Resource Files</Filter>
    </Image>
    <Image Include="resources\sprites\people\bert\foward2.png">
      <Filter>Resource Files</Filter>
    </Image>
    <Image Include="resources\sprites\people\bert\neast1.png">
      <Filter>Resource Files</Filter>
    </Image>
    <Image Include="resources\sprites\people\bert\foward3.png">
      <Filter>Resource Files</Filter>
    </Image>
    <Image Include="resources\sprites\people\bert\neast3.png">
      <Filter>Resource Files</Filter>
    </Image>
    <Image Include="resources\sprites\people\bert\neast2.png">
      <Filter>Resource Files</Filter>
    </Image>
    <Image Include="resources\sprites\people\bert\nest1.png">
      <Filter>Resource Files</Filter>
    </Image>
    <Image Include="resources\sprites\people\bert\nest2.png">
      <Filter>Resource Files</Filter>
    </Image>
    <Image Include="resources\sprites\people\bert\nest3.png">
      <Filter>Resource Files</Filter>
    </Image>
    <Image Include="resources\sprites\people\bert\north.png">
      <Filter>Resource Files</Filter>
    </Image>
    <Image Include="resources\sprites\people\bert\right1.png">
      <Filter>Resource Files</Filter>
    </Image>
    <Image Include="resources\sprites\people\bert\right2.png">
      <Filter>Resource Files</Filter>
    </Image>
    <Image Include="resources\sprites\people\bert\right3.png">
      <Filter>Resource Files</Filter>
    </Image>
    <Image Include="resources\sprites\people\bert\right4.png">
      <Filter>Resource Files</Filter>
    </Image>
    <Image Include="resources\sprites\people\bert\righttoneast.png">
      <Filter>Resource Files</Filter>
    </Image>
    <Image Include="resources\sprites\people\bert\seast1.png">
      <Filter>Resource Files</Filter>
    </Image>
    <Image Include="resources\sprites\people\bert\seast3.png">
      <Filter>Resource Files</Filter>
    </Image>
    <Image Include="resources\sprites\people\bert\seast2.png">
      <Filter>Resource Files</Filter>
    </Image>
    <Image Include="resources\sprites\people\bert\west4.png">
      <Filter>Resource Files</Filter>
    </Image>
    <Image Include="resources\sprites\people\bert\west2.png">
      <Filter>Resource Files</Filter>
    </Image>
    <Image Include="resources\sprites\people\bert\west3.png">
      <Filter>Resource Files</Filter>
    </Image>
    <Image Include="resources\sprites\people\bert\westtosest.png">
      <Filter>Resource Files</Filter>
    </Image>
    <Image Include="resources\sprites\people\bert\west1.png">
      <Filter>Resource Files</Filter>
    </Image>
    <Image Include="resources\sprites\people\bert\sest2.png">
      <Filter>Resource Files</Filter>
    </Image>
    <Image Include="resources\sprites\people\bert\seasttoright.png">
      <Filter>Resource Files</Filter>
    </Image>
    <Image Include="resources\sprites\people\bert\sest1.png">
      <Filter>Resource Files</Filter>
    </Image>
    <Image Include="resources\sprites\people\bert\sest3.png">
      <Filter>Resource Files</Filter>
    </Image>
  </ItemGroup>
  <ItemGroup>
    <None Include="gui\d3dx9\Include\d3dvec.inl">
      <Filter>Header Files</Filter>
    </None>
    <None Include="gui\d3dx9\Include\d3dx_dxgiformatconvert.inl">
      <Filter>Header Files</Filter>
    </None>
    <None Include="gui\d3dx9\Include\d3dx9math.inl">
      <Filter>Header Files</Filter>
    </None>
    <None Include="gui\d3dx9\Include\d3dx10math.inl">
      <Filter>Header Files</Filter>
    </None>
  </ItemGroup>
  <ItemGroup>
    <Library Include="gui\d3dx9\Lib\x64\d3dx9.lib" />
  </ItemGroup>
  <ItemGroup>
    <Media Include="resources\sounds\siren\eerie-low-siren-fx.wav">
      <Filter>Resource Files</Filter>
    </Media>
    <Media Include="resources\sounds\siren\purge-siren-fx_129bpm (1).wav">
      <Filter>Resource Files</Filter>
    </Media>
    <Media Include="resources\sounds\siren\purge-siren-fx_129bpm.wav">
      <Filter>Resource Files</Filter>
    </Media>
    <Media Include="resources\sounds\siren\scary-laugh-fx.wav">
      <Filter>Resource Files</Filter>
    </Media>
    <Media Include="resources\sounds\siren\scary-alarm-siren-fx_7bpm.wav">
      <Filter>Resource Files</Filter>
    </Media>
    <Media Include="resources\sounds\siren\siren-reverb-fx_165bpm.wav">
      <Filter>Resource Files</Filter>
    </Media>
    <Media Include="resources\sounds\sfx\explosion.mp3" />
    <Media Include="resources\sounds\sfx\explosion.wav">
      <Filter>Resource Files</Filter>
    </Media>
    <Media Include="resources\sounds\music\black-hawk-light-cinematic-background-music-for-drama-video-40-second-202452.wav">
      <Filter>Resource Files</Filter>
    </Media>
    <Media Include="resources\sounds\music\BYEBYE.wav">
      <Filter>Resource Files</Filter>
    </Media>
  </ItemGroup>
</Project>