<?xml version="1.0" encoding="utf-8"?>
<Project ToolsVersion="4.0" xmlns="http://schemas.microsoft.com/developer/msbuild/2003">
  <ItemGroup>
    <Filter Include="Source Files">
      <UniqueIdentifier>{4FC737F1-C7A5-4376-A066-2A32D752A2FF}</UniqueIdentifier>
      <Extensions>cpp;c;cc;cxx;c++;cppm;ixx;def;odl;idl;hpj;bat;asm;asmx</Extensions>
    </Filter>
    <Filter Include="Header Files">
      <UniqueIdentifier>{93995380-89BD-4b04-88EB-625FBE52EBFB}</UniqueIdentifier>
      <Extensions>h;hh;hpp;hxx;h++;hm;inl;inc;ipp;xsd</Extensions>
    </Filter>
    <Filter Include="Resource Files">
      <UniqueIdentifier>{67DA6AB6-F800-4c08-8B7A-83BB121AAD01}</UniqueIdentifier>
      <Extensions>rc;ico;cur;bmp;dlg;rc2;rct;bin;rgs;gif;jpg;jpeg;jpe;resx;tiff;tif;png;wav;mfcribbon-ms</Extensions>
    </Filter>
  </ItemGroup>
  <ItemGroup>
    <ClCompile Include="People-Farm-Frenzy.cpp">
      <Filter>Source Files</Filter>
    </ClCompile>
    <ClCompile Include="gui\floodgui\flood_gui_draw.cpp">
      <Filter>Source Files</Filter>
    </ClCompile>
    <ClCompile Include="gui\gui.cpp">
      <Filter>Source Files</Filter>
    </ClCompile>
    <ClCompile Include="gui\window\window.cpp">
      <Filter>Source Files</Filter>
    </ClCompile>
    <ClCompile Include="game\object\object.cpp">
      <Filter>Source Files</Filter>
    </ClCompile>
    <ClCompile Include="game\game.cpp">
      <Filter>Source Files</Filter>
    </ClCompile>
    <ClCompile Include="game\graphics\upgrade\upgrade.cpp">
      <Filter>Source Files</Filter>
    </ClCompile>
    <ClCompile Include="game\graphics\interact\interact.cpp">
      <Filter>Source Files</Filter>
    </ClCompile>
    <ClCompile Include="game\soundsystem\soundsystem.cpp">
      <Filter>Source Files</Filter>
    </ClCompile>
  </ItemGroup>
  <ItemGroup>
    <ClInclude Include="gui\floodgui\flood_gui.h">
      <Filter>Header Files</Filter>
    </ClInclude>
    <ClInclude Include="gui\floodgui\flood_gui_draw.h">
      <Filter>Header Files</Filter>
    </ClInclude>
    <ClInclude Include="gui\floodgui\flood_gui_input.h">
      <Filter>Header Files</Filter>
    </ClInclude>
    <ClInclude Include="gui\floodgui\flood_gui_math.h">
      <Filter>Header Files</Filter>
    </ClInclude>
    <ClInclude Include="gui\floodgui\flood_gui_win.h">
      <Filter>Header Files</Filter>
    </ClInclude>
    <ClInclude Include="gui\gui.h">
      <Filter>Header Files</Filter>
    </ClInclude>
    <ClInclude Include="gui\window\window.h">
      <Filter>Header Files</Filter>
    </ClInclude>
    <ClInclude Include="gui\d3dx9\Include\d2d1.h">
      <Filter>Header Files</Filter>
    </ClInclude>
    <ClInclude Include="gui\d3dx9\Include\d2d1_1.h">
      <Filter>Header Files</Filter>
    </ClInclude>
    <ClInclude Include="gui\d3dx9\Include\d2d1_1helper.h">
      <Filter>Header Files</Filter>
    </ClInclude>
    <ClInclude Include="gui\d3dx9\Include\d2d1_2.h">
      <Filter>Header Files</Filter>
    </ClInclude>
    <ClInclude Include="gui\d3dx9\Include\d2d1_2helper.h">
      <Filter>Header Files</Filter>
    </ClInclude>
    <ClInclude Include="gui\d3dx9\Include\d2d1_3.h">
      <Filter>Header Files</Filter>
    </ClInclude>
    <ClInclude Include="gui\d3dx9\Include\d2d1_3helper.h">
      <Filter>Header Files</Filter>
    </ClInclude>
    <ClInclude Include="gui\d3dx9\Include\d2d1effectauthor.h">
      <Filter>Header Files</Filter>
    </ClInclude>
    <ClInclude Include="gui\d3dx9\Include\d2d1effectauthor_1.h">
      <Filter>Header Files</Filter>
    </ClInclude>
    <ClInclude Include="gui\d3dx9\Include\d2d1effecthelpers.h">
      <Filter>Header Files</Filter>
    </ClInclude>
    <ClInclude Include="gui\d3dx9\Include\d2d1effects.h">
      <Filter>Header Files</Filter>
    </ClInclude>
    <ClInclude Include="gui\d3dx9\Include\d2d1effects_1.h">
      <Filter>Header Files</Filter>
    </ClInclude>
    <ClInclude Include="gui\d3dx9\Include\d2d1helper.h">
      <Filter>Header Files</Filter>
    </ClInclude>
    <ClInclude Include="gui\d3dx9\Include\d2dbasetypes.h">
      <Filter>Header Files</Filter>
    </ClInclude>
    <ClInclude Include="gui\d3dx9\Include\d2derr.h">
      <Filter>Header Files</Filter>
    </ClInclude>
    <ClInclude Include="gui\d3dx9\Include\d3d.h">
      <Filter>Header Files</Filter>
    </ClInclude>
    <ClInclude Include="gui\d3dx9\Include\d3d8.h">
      <Filter>Header Files</Filter>
    </ClInclude>
    <ClInclude Include="gui\d3dx9\Include\d3d8caps.h">
      <Filter>Header Files</Filter>
    </ClInclude>
    <ClInclude Include="gui\d3dx9\Include\d3d8types.h">
      <Filter>Header Files</Filter>
    </ClInclude>
    <ClInclude Include="gui\d3dx9\Include\d3d9.h">
      <Filter>Header Files</Filter>
    </ClInclude>
    <ClInclude Include="gui\d3dx9\Include\d3d9caps.h">
      <Filter>Header Files</Filter>
    </ClInclude>
    <ClInclude Include="gui\d3dx9\Include\d3d9types.h">
      <Filter>Header Files</Filter>
    </ClInclude>
    <ClInclude Include="gui\d3dx9\Include\d3d10.h">
      <Filter>Header Files</Filter>
    </ClInclude>
    <ClInclude Include="gui\d3dx9\Include\d3d10_1.h">
      <Filter>Header Files</Filter>
    </ClInclude>
    <ClInclude Include="gui\d3dx9\Include\d3d10_1shader.h">
      <Filter>Header Files</Filter>
    </ClInclude>
    <ClInclude Include="gui\d3dx9\Include\d3d10effect.h">
      <Filter>Header Files</Filter>
    </ClInclude>
    <ClInclude Include="gui\d3dx9\Include\d3d10misc.h">
      <Filter>Header Files</Filter>
    </ClInclude>
    <ClInclude Include="gui\d3dx9\Include\d3d10sdklayers.h">
      <Filter>Header Files</Filter>
    </ClInclude>
    <ClInclude Include="gui\d3dx9\Include\d3d10shader.h">
      <Filter>Header Files</Filter>
    </ClInclude>
    <ClInclude Include="gui\d3dx9\Include\d3d11.h">
      <Filter>Header Files</Filter>
    </ClInclude>
    <ClInclude Include="gui\d3dx9\Include\d3d11_1.h">
      <Filter>Header Files</Filter>
    </ClInclude>
    <ClInclude Include="gui\d3dx9\Include\d3d11_2.h">
      <Filter>Header Files</Filter>
    </ClInclude>
    <ClInclude Include="gui\d3dx9\Include\d3d11_3.h">
      <Filter>Header Files</Filter>
    </ClInclude>
    <ClInclude Include="gui\d3dx9\Include\d3d11_4.h">
      <Filter>Header Files</Filter>
    </ClInclude>
    <ClInclude Include="gui\d3dx9\Include\d3d11sdklayers.h">
      <Filter>Header Files</Filter>
    </ClInclude>
    <ClInclude Include="gui\d3dx9\Include\d3d11shader.h">
      <Filter>Header Files</Filter>
    </ClInclude>
    <ClInclude Include="gui\d3dx9\Include\d3d11shadertracing.h">
      <Filter>Header Files</Filter>
    </ClInclude>
    <ClInclude Include="gui\d3dx9\Include\d3d12.h">
      <Filter>Header Files</Filter>
    </ClInclude>
    <ClInclude Include="gui\d3dx9\Include\d3d12sdklayers.h">
      <Filter>Header Files</Filter>
    </ClInclude>
    <ClInclude Include="gui\d3dx9\Include\d3d12shader.h">
      <Filter>Header Files</Filter>
    </ClInclude>
    <ClInclude Include="gui\d3dx9\Include\d3d12video.h">
      <Filter>Header Files</Filter>
    </ClInclude>
    <ClInclude Include="gui\d3dx9\Include\d3dcaps.h">
      <Filter>Header Files</Filter>
    </ClInclude>
    <ClInclude Include="gui\d3dx9\Include\d3dcommon.h">
      <Filter>Header Files</Filter>
    </ClInclude>
    <ClInclude Include="gui\d3dx9\Include\d3dcompiler.h">
      <Filter>Header Files</Filter>
    </ClInclude>
    <ClInclude Include="gui\d3dx9\Include\d3dcsx.h">
      <Filter>Header Files</Filter>
    </ClInclude>
    <ClInclude Include="gui\d3dx9\Include\d3dtypes.h">
      <Filter>Header Files</Filter>
    </ClInclude>
    <ClInclude Include="gui\d3dx9\Include\d3dx9.h">
      <Filter>Header Files</Filter>
    </ClInclude>
    <ClInclude Include="gui\d3dx9\Include\d3dx9anim.h">
      <Filter>Header Files</Filter>
    </ClInclude>
    <ClInclude Include="gui\d3dx9\Include\d3dx9core.h">
      <Filter>Header Files</Filter>
    </ClInclude>
    <ClInclude Include="gui\d3dx9\Include\d3dx9effect.h">
      <Filter>Header Files</Filter>
    </ClInclude>
    <ClInclude Include="gui\d3dx9\Include\d3dx9math.h">
      <Filter>Header Files</Filter>
    </ClInclude>
    <ClInclude Include="gui\d3dx9\Include\d3dx9mesh.h">
      <Filter>Header Files</Filter>
    </ClInclude>
    <ClInclude Include="gui\d3dx9\Include\d3dx9shader.h">
      <Filter>Header Files</Filter>
    </ClInclude>
    <ClInclude Include="gui\d3dx9\Include\d3dx9shape.h">
      <Filter>Header Files</Filter>
    </ClInclude>
    <ClInclude Include="gui\d3dx9\Include\d3dx9tex.h">
      <Filter>Header Files</Filter>
    </ClInclude>
    <ClInclude Include="gui\d3dx9\Include\d3dx9xof.h">
      <Filter>Header Files</Filter>
    </ClInclude>
    <ClInclude Include="gui\d3dx9\Include\d3dx10.h">
      <Filter>Header Files</Filter>
    </ClInclude>
    <ClInclude Include="gui\d3dx9\Include\d3dx10async.h">
      <Filter>Header Files</Filter>
    </ClInclude>
    <ClInclude Include="gui\d3dx9\Include\d3dx10core.h">
      <Filter>Header Files</Filter>
    </ClInclude>
    <ClInclude Include="gui\d3dx9\Include\d3dx10math.h">
      <Filter>Header Files</Filter>
    </ClInclude>
    <ClInclude Include="gui\d3dx9\Include\d3dx10mesh.h">
      <Filter>Header Files</Filter>
    </ClInclude>
    <ClInclude Include="gui\d3dx9\Include\d3dx10tex.h">
      <Filter>Header Files</Filter>
    </ClInclude>
    <ClInclude Include="gui\d3dx9\Include\d3dx11.h">
      <Filter>Header Files</Filter>
    </ClInclude>
    <ClInclude Include="gui\d3dx9\Include\d3dx11async.h">
      <Filter>Header Files</Filter>
    </ClInclude>
    <ClInclude Include="gui\d3dx9\Include\d3dx11core.h">
      <Filter>Header Files</Filter>
    </ClInclude>
    <ClInclude Include="gui\d3dx9\Include\d3dx11tex.h">
      <Filter>Header Files</Filter>
    </ClInclude>
    <ClInclude Include="gui\d3dx9\Include\dcommon.h">
      <Filter>Header Files</Filter>
    </ClInclude>
    <ClInclude Include="gui\d3dx9\Include\dcomp.h">
      <Filter>Header Files</Filter>
    </ClInclude>
    <ClInclude Include="gui\d3dx9\Include\dcompanimation.h">
      <Filter>Header Files</Filter>
    </ClInclude>
    <ClInclude Include="gui\d3dx9\Include\dcomptypes.h">
      <Filter>Header Files</Filter>
    </ClInclude>
    <ClInclude Include="gui\d3dx9\Include\ddraw.h">
      <Filter>Header Files</Filter>
    </ClInclude>
    <ClInclude Include="gui\d3dx9\Include\dwrite.h">
      <Filter>Header Files</Filter>
    </ClInclude>
    <ClInclude Include="gui\d3dx9\Include\dwrite_1.h">
      <Filter>Header Files</Filter>
    </ClInclude>
    <ClInclude Include="gui\d3dx9\Include\dwrite_2.h">
      <Filter>Header Files</Filter>
    </ClInclude>
    <ClInclude Include="gui\d3dx9\Include\dwrite_3.h">
      <Filter>Header Files</Filter>
    </ClInclude>
    <ClInclude Include="gui\d3dx9\Include\dxgi.h">
      <Filter>Header Files</Filter>
    </ClInclude>
    <ClInclude Include="gui\d3dx9\Include\dxgi1_2.h">
      <Filter>Header Files</Filter>
    </ClInclude>
    <ClInclude Include="gui\d3dx9\Include\dxgi1_3.h">
      <Filter>Header Files</Filter>
    </ClInclude>
    <ClInclude Include="gui\d3dx9\Include\dxgi1_4.h">
      <Filter>Header Files</Filter>
    </ClInclude>
    <ClInclude Include="gui\d3dx9\Include\dxgi1_5.h">
      <Filter>Header Files</Filter>
    </ClInclude>
    <ClInclude Include="gui\d3dx9\Include\dxgi1_6.h">
      <Filter>Header Files</Filter>
    </ClInclude>
    <ClInclude Include="gui\d3dx9\Include\dxgicommon.h">
      <Filter>Header Files</Filter>
    </ClInclude>
    <ClInclude Include="gui\d3dx9\Include\dxgidebug.h">
      <Filter>Header Files</Filter>
    </ClInclude>
    <ClInclude Include="gui\d3dx9\Include\dxgiformat.h">
      <Filter>Header Files</Filter>
    </ClInclude>
    <ClInclude Include="gui\d3dx9\Include\dxgitype.h">
      <Filter>Header Files</Filter>
    </ClInclude>
    <ClInclude Include="gui\d3dx9\Include\dxva2api.h">
      <Filter>Header Files</Filter>
    </ClInclude>
    <ClInclude Include="game\graphics\sprite\sprite.h">
      <Filter>Header Files</Filter>
    </ClInclude>
    <ClInclude Include="game\object\object.h">
      <Filter>Header Files</Filter>
    </ClInclude>
    <ClInclude Include="game\object\human\human.h">
      <Filter>Header Files</Filter>
    </ClInclude>
    <ClInclude Include="game\object\organ\organ.h">
      <Filter>Header Files</Filter>
    </ClInclude>
    <ClInclude Include="game\object\UFO\UFO.h">
      <Filter>Header Files</Filter>
    </ClInclude>
    <ClInclude Include="game\object\livingspace\livingspace.h">
      <Filter>Header Files</Filter>
    </ClInclude>
    <ClInclude Include="game\graphics\animation\animation.h">
      <Filter>Header Files</Filter>
    </ClInclude>
    <ClInclude Include="game\game.h">
      <Filter>Header Files</Filter>
    </ClInclude>
    <ClInclude Include="game\graphics\upgrade\upgrade.h">
      <Filter>Header Files</Filter>
    </ClInclude>
    <ClInclude Include="game\object\vfx\vfx.h">
      <Filter>Header Files</Filter>
    </ClInclude>
    <ClInclude Include="game\object\vfx\enviorment.h">
      <Filter>Header Files</Filter>
    </ClInclude>
    <ClInclude Include="game\graphics\interact\interact.h">
      <Filter>Header Files</Filter>
    </ClInclude>
    <ClInclude Include="game\soundsystem\soundsystem.h">
      <Filter>Header Files</Filter>
    </ClInclude>
  </ItemGroup>
  <ItemGroup>
    <Image Include="resources\sprites\SpriteTest.jpg">
      <Filter>Resource Files</Filter>
    </Image>
    <Image Include="resources\sprites\ufo\sprite_0.png">
      <Filter>Resource Files</Filter>
    </Image>
    <Image Include="resources\sprites\ufo\sprite_1.png">
      <Filter>Resource Files</Filter>
    </Image>
    <Image Include="resources\sprites\ufo\sprite_2.png">
      <Filter>Resource Files</Filter>
    </Image>
    <Image Include="resources\sprites\ufo\sprite_3.png">
      <Filter>Resource Files</Filter>
    </Image>
    <Image Include="resources\sprites\ufo\sprite_4.png">
      <Filter>Resource Files</Filter>
    </Image>
    <Image Include="resources\sprites\ufo\sprite_5.png">
      <Filter>Resource Files</Filter>
    </Image>
    <Image Include="resources\sprites\ufo\sprite_6.png">
      <Filter>Resource Files</Filter>
    </Image>
    <Image Include="resources\sprites\ufo\sprite_7.png">
      <Filter>Resource Files</Filter>
    </Image>
    <Image Include="resources\sprites\ufo\sprite_8.png">
      <Filter>Resource Files</Filter>
    </Image>
    <Image Include="resources\sprites\ufo\sprite_9.png">
      <Filter>Resource Files</Filter>
    </Image>
    <Image Include="resources\sprites\ufo\sprite_10.png">
      <Filter>Resource Files</Filter>
    </Image>
    <Image Include="resources\sprites\ufo\sprite_11.png">
      <Filter>Resource Files</Filter>
    </Image>
    <Image Include="resources\sprites\organs\brain.png">
      <Filter>Resource Files</Filter>
    </Image>
    <Image Include="resources\sprites\organs\eyeball.png">
      <Filter>Resource Files</Filter>
    </Image>
    <Image Include="resources\sprites\organs\heart.png">
      <Filter>Resource Files</Filter>
    </Image>
    <Image Include="resources\sprites\organs\intestine.png">
      <Filter>Resource Files</Filter>
    </Image>
    <Image Include="resources\sprites\organs\kidney.png">
      <Filter>Resource Files</Filter>
    </Image>
    <Image Include="resources\sprites\organs\lung.png">
      <Filter>Resource Files</Filter>
    </Image>
    <Image Include="resources\sprites\organs\skin.png">
      <Filter>Resource Files</Filter>
    </Image>
    <Image Include="resources\sprites\organs\skull.png">
      <Filter>Resource Files</Filter>
    </Image>
    <Image Include="resources\sprites\organs\stomach.png">
      <Filter>Resource Files</Filter>
    </Image>
    <Image Include="resources\sprites\BloodCloud\frame_0_delay-0.08s.png">
      <Filter>Resource Files</Filter>
    </Image>
    <Image Include="resources\sprites\BloodCloud\frame_1_delay-0.08s.png">
      <Filter>Resource Files</Filter>
    </Image>
    <Image Include="resources\sprites\BloodCloud\frame_2_delay-0.08s.png">
      <Filter>Resource Files</Filter>
    </Image>
    <Image Include="resources\sprites\BloodCloud\frame_3_delay-0.08s.png">
      <Filter>Resource Files</Filter>
    </Image>
    <Image Include="resources\sprites\BloodCloud\frame_4_delay-0.08s.png">
      <Filter>Resource Files</Filter>
    </Image>
    <Image Include="resources\sprites\BloodCloud\frame_5_delay-0.08s.png">
      <Filter>Resource Files</Filter>
    </Image>
    <Image Include="resources\sprites\BloodCloud\frame_6_delay-0.08s.png">
      <Filter>Resource Files</Filter>
    </Image>
    <Image Include="resources\sprites\BloodCloud\frame_7_delay-0.08s.png">
      <Filter>Resource Files</Filter>
    </Image>
    <Image Include="resources\sprites\BloodCloud\frame_8_delay-0.08s.png">
      <Filter>Resource Files</Filter>
    </Image>
    <Image Include="resources\sprites\map\map.png">
      <Filter>Resource Files</Filter>
    </Image>
    <Image Include="resources\sprites\magma\frame1.png">
      <Filter>Resource Files</Filter>
    </Image>
    <Image Include="resources\sprites\magma\frame2.png">
      <Filter>Resource Files</Filter>
    </Image>
    <Image Include="resources\sprites\magma\frame3.png">
      <Filter>Resource Files</Filter>
    </Image>
    <Image Include="resources\sprites\magma\frame4.png">
      <Filter>Resource Files</Filter>
    </Image>
    <Image Include="resources\sprites\magma\frame5.png">
      <Filter>Resource Files</Filter>
    </Image>
    <Image Include="resources\sprites\fire\frame1.png">
      <Filter>Resource Files</Filter>
    </Image>
    <Image Include="resources\sprites\fire\frame2.png">
      <Filter>Resource Files</Filter>
    </Image>
    <Image Include="resources\sprites\personicon.png">
      <Filter>Resource Files</Filter>
    </Image>
    <Image Include="resources\sprites\glorbuxicon.png">
      <Filter>Resource Files</Filter>
    </Image>
  </ItemGroup>
  <ItemGroup>
    <None Include="gui\d3dx9\Include\d3dvec.inl">
      <Filter>Header Files</Filter>
    </None>
    <None Include="gui\d3dx9\Include\d3dx_dxgiformatconvert.inl">
      <Filter>Header Files</Filter>
    </None>
    <None Include="gui\d3dx9\Include\d3dx9math.inl">
      <Filter>Header Files</Filter>
    </None>
    <None Include="gui\d3dx9\Include\d3dx10math.inl">
      <Filter>Header Files</Filter>
    </None>
  </ItemGroup>
  <ItemGroup>
    <Library Include="gui\d3dx9\Lib\x64\d3dx9.lib" />
  </ItemGroup>
  <ItemGroup>
    <Media Include="resources\sounds\siren\eerie-low-siren-fx.wav">
      <Filter>Resource Files</Filter>
    </Media>
    <Media Include="resources\sounds\siren\purge-siren-fx_129bpm (1).wav">
      <Filter>Resource Files</Filter>
    </Media>
    <Media Include="resources\sounds\siren\purge-siren-fx_129bpm.wav">
      <Filter>Resource Files</Filter>
    </Media>
    <Media Include="resources\sounds\siren\scary-laugh-fx.wav">
      <Filter>Resource Files</Filter>
    </Media>
    <Media Include="resources\sounds\siren\scary-alarm-siren-fx_7bpm.wav">
      <Filter>Resource Files</Filter>
    </Media>
    <Media Include="resources\sounds\siren\siren-reverb-fx_165bpm.wav">
      <Filter>Resource Files</Filter>
    </Media>
    <Media Include="resources\sounds\sfx\explosion.mp3" />
    <Media Include="resources\sounds\sfx\explosion.wav">
      <Filter>Resource Files</Filter>
    </Media>
    <Media Include="resources\sounds\music\black-hawk-light-cinematic-background-music-for-drama-video-40-second-202452.wav">
      <Filter>Resource Files</Filter>
    </Media>
    <Media Include="resources\sounds\music\BYEBYE.wav">
      <Filter>Resource Files</Filter>
    </Media>
  </ItemGroup>
</Project>